
Microsoft Visual Studio Solution File, Format Version 12.00
# Visual Studio 15
VisualStudioVersion = 15.0.28307.168
MinimumVisualStudioVersion = 10.0.40219.1
Project("{FAE04EC0-301F-11D3-BF4B-00C04F79EFBC}") = "WhoLikeItKata", "WhoLikeItKata\WhoLikeItKata.csproj", "{F05F210E-7D04-44EB-A1F7-46D7D5B425DA}"
EndProject
Project("{FAE04EC0-301F-11D3-BF4B-00C04F79EFBC}") = "WhoLikeItKataTests", "WhoLikeItKataTests\WhoLikeItKataTests.csproj", "{C31570D4-07A6-4996-83BB-B61059F30CF9}"
EndProject
Global
	GlobalSection(SolutionConfigurationPlatforms) = preSolution
		Debug|Any CPU = Debug|Any CPU
		Release|Any CPU = Release|Any CPU
	EndGlobalSection
	GlobalSection(ProjectConfigurationPlatforms) = postSolution
		{F05F210E-7D04-44EB-A1F7-46D7D5B425DA}.Debug|Any CPU.ActiveCfg = Debug|Any CPU
		{F05F210E-7D04-44EB-A1F7-46D7D5B425DA}.Debug|Any CPU.Build.0 = Debug|Any CPU
		{F05F210E-7D04-44EB-A1F7-46D7D5B425DA}.Release|Any CPU.ActiveCfg = Release|Any CPU
		{F05F210E-7D04-44EB-A1F7-46D7D5B425DA}.Release|Any CPU.Build.0 = Release|Any CPU
		{C31570D4-07A6-4996-83BB-B61059F30CF9}.Debug|Any CPU.ActiveCfg = Debug|Any CPU
		{C31570D4-07A6-4996-83BB-B61059F30CF9}.Debug|Any CPU.Build.0 = Debug|Any CPU
		{C31570D4-07A6-4996-83BB-B61059F30CF9}.Release|Any CPU.ActiveCfg = Release|Any CPU
		{C31570D4-07A6-4996-83BB-B61059F30CF9}.Release|Any CPU.Build.0 = Release|Any CPU
	EndGlobalSection
	GlobalSection(SolutionProperties) = preSolution
		HideSolutionNode = FALSE
	EndGlobalSection
	GlobalSection(ExtensibilityGlobals) = postSolution
		SolutionGuid = {EE7A0A29-FD75-4B37-8FDF-952D8643B9A0}
	EndGlobalSection
EndGlobal
