
Microsoft Visual Studio Solution File, Format Version 12.00
# Visual Studio 15
VisualStudioVersion = 15.0.28307.168
MinimumVisualStudioVersion = 10.0.40219.1
Project("{9A19103F-16F7-4668-BE54-9A1E7A4F7556}") = "SumOfNumbersKata", "SumOfNumbersKata\SumOfNumbersKata.csproj", "{EF99BC35-3790-4FCA-BB40-41892F9A070C}"
EndProject
Project("{FAE04EC0-301F-11D3-BF4B-00C04F79EFBC}") = "SumOfNumbersTests", "SumOfNumbersTests\SumOfNumbersTests.csproj", "{DB81B7B6-7B9A-4F64-A4C3-84DF14E6D511}"
EndProject
Global
	GlobalSection(SolutionConfigurationPlatforms) = preSolution
		Debug|Any CPU = Debug|Any CPU
		Release|Any CPU = Release|Any CPU
	EndGlobalSection
	GlobalSection(ProjectConfigurationPlatforms) = postSolution
		{EF99BC35-3790-4FCA-BB40-41892F9A070C}.Debug|Any CPU.ActiveCfg = Debug|Any CPU
		{EF99BC35-3790-4FCA-BB40-41892F9A070C}.Debug|Any CPU.Build.0 = Debug|Any CPU
		{EF99BC35-3790-4FCA-BB40-41892F9A070C}.Release|Any CPU.ActiveCfg = Release|Any CPU
		{EF99BC35-3790-4FCA-BB40-41892F9A070C}.Release|Any CPU.Build.0 = Release|Any CPU
		{DB81B7B6-7B9A-4F64-A4C3-84DF14E6D511}.Debug|Any CPU.ActiveCfg = Debug|Any CPU
		{DB81B7B6-7B9A-4F64-A4C3-84DF14E6D511}.Debug|Any CPU.Build.0 = Debug|Any CPU
		{DB81B7B6-7B9A-4F64-A4C3-84DF14E6D511}.Release|Any CPU.ActiveCfg = Release|Any CPU
		{DB81B7B6-7B9A-4F64-A4C3-84DF14E6D511}.Release|Any CPU.Build.0 = Release|Any CPU
	EndGlobalSection
	GlobalSection(SolutionProperties) = preSolution
		HideSolutionNode = FALSE
	EndGlobalSection
	GlobalSection(ExtensibilityGlobals) = postSolution
		SolutionGuid = {4FE8E3A6-AAF6-447B-8A4E-5D65700F632F}
	EndGlobalSection
EndGlobal
